// !$*UTF8*$!
{
	archiveVersion = 1;
	classes = {
	};
	objectVersion = 56;
	objects = {

/* Begin PBXBuildFile section */
		721F742C2A3C4AEF00012F1A /* MVVMViewController.swift in Sources */ = {isa = PBXBuildFile; fileRef = 721F742B2A3C4AEF00012F1A /* MVVMViewController.swift */; };
		722366D12A414EAA00D1AB76 /* NetworkingManager.swift in Sources */ = {isa = PBXBuildFile; fileRef = 722366D02A414EAA00D1AB76 /* NetworkingManager.swift */; };
		728021672A3C24C700519337 /* AppDelegate.swift in Sources */ = {isa = PBXBuildFile; fileRef = 728021662A3C24C700519337 /* AppDelegate.swift */; };
		728021692A3C24C700519337 /* SceneDelegate.swift in Sources */ = {isa = PBXBuildFile; fileRef = 728021682A3C24C700519337 /* SceneDelegate.swift */; };
		7280216B2A3C24C700519337 /* MVCViewController.swift in Sources */ = {isa = PBXBuildFile; fileRef = 7280216A2A3C24C700519337 /* MVCViewController.swift */; };
		728021702A3C24C800519337 /* Assets.xcassets in Resources */ = {isa = PBXBuildFile; fileRef = 7280216F2A3C24C800519337 /* Assets.xcassets */; };
		728021732A3C24C800519337 /* LaunchScreen.storyboard in Resources */ = {isa = PBXBuildFile; fileRef = 728021712A3C24C800519337 /* LaunchScreen.storyboard */; };
		7288EC7E2A3D91EA00889332 /* ItemSearchView.swift in Sources */ = {isa = PBXBuildFile; fileRef = 7288EC7D2A3D91EA00889332 /* ItemSearchView.swift */; };
		729284252A42D56400AADE3A /* MockNetworkingTests.swift in Sources */ = {isa = PBXBuildFile; fileRef = 729284242A42D56400AADE3A /* MockNetworkingTests.swift */; };
		7292842C2A42DE7500AADE3A /* NetworkingManager.swift in Sources */ = {isa = PBXBuildFile; fileRef = 722366D02A414EAA00D1AB76 /* NetworkingManager.swift */; };
		7292842E2A42DF7000AADE3A /* EndPoint.swift in Sources */ = {isa = PBXBuildFile; fileRef = 72BCA1DB2A401E6C0013AA1A /* EndPoint.swift */; };
		729CE86A2A41CB2B00478D89 /* ItemDTO.swift in Sources */ = {isa = PBXBuildFile; fileRef = 729CE8692A41CB2B00478D89 /* ItemDTO.swift */; };
		72BCA1DC2A401E6C0013AA1A /* EndPoint.swift in Sources */ = {isa = PBXBuildFile; fileRef = 72BCA1DB2A401E6C0013AA1A /* EndPoint.swift */; };
		72C5D0C82A458B4E00F5C92B /* ItemCell.swift in Sources */ = {isa = PBXBuildFile; fileRef = 72C5D0C72A458B4E00F5C92B /* ItemCell.swift */; };
/* End PBXBuildFile section */

/* Begin PBXContainerItemProxy section */
		729284262A42D56400AADE3A /* PBXContainerItemProxy */ = {
			isa = PBXContainerItemProxy;
			containerPortal = 7280215B2A3C24C700519337 /* Project object */;
			proxyType = 1;
			remoteGlobalIDString = 728021622A3C24C700519337;
			remoteInfo = "Architecture(MVC, MVVM)";
		};
/* End PBXContainerItemProxy section */

/* Begin PBXFileReference section */
		721F742B2A3C4AEF00012F1A /* MVVMViewController.swift */ = {isa = PBXFileReference; lastKnownFileType = sourcecode.swift; path = MVVMViewController.swift; sourceTree = "<group>"; };
		722366D02A414EAA00D1AB76 /* NetworkingManager.swift */ = {isa = PBXFileReference; lastKnownFileType = sourcecode.swift; path = NetworkingManager.swift; sourceTree = "<group>"; };
		728021632A3C24C700519337 /* Architecture(MVC, MVVM).app */ = {isa = PBXFileReference; explicitFileType = wrapper.application; includeInIndex = 0; path = "Architecture(MVC, MVVM).app"; sourceTree = BUILT_PRODUCTS_DIR; };
		728021662A3C24C700519337 /* AppDelegate.swift */ = {isa = PBXFileReference; lastKnownFileType = sourcecode.swift; path = AppDelegate.swift; sourceTree = "<group>"; };
		728021682A3C24C700519337 /* SceneDelegate.swift */ = {isa = PBXFileReference; lastKnownFileType = sourcecode.swift; path = SceneDelegate.swift; sourceTree = "<group>"; };
		7280216A2A3C24C700519337 /* MVCViewController.swift */ = {isa = PBXFileReference; lastKnownFileType = sourcecode.swift; path = MVCViewController.swift; sourceTree = "<group>"; };
		7280216F2A3C24C800519337 /* Assets.xcassets */ = {isa = PBXFileReference; lastKnownFileType = folder.assetcatalog; path = Assets.xcassets; sourceTree = "<group>"; };
		728021722A3C24C800519337 /* Base */ = {isa = PBXFileReference; lastKnownFileType = file.storyboard; name = Base; path = Base.lproj/LaunchScreen.storyboard; sourceTree = "<group>"; };
		728021742A3C24C800519337 /* Info.plist */ = {isa = PBXFileReference; lastKnownFileType = text.plist.xml; path = Info.plist; sourceTree = "<group>"; };
		7288EC7D2A3D91EA00889332 /* ItemSearchView.swift */ = {isa = PBXFileReference; lastKnownFileType = sourcecode.swift; path = ItemSearchView.swift; sourceTree = "<group>"; };
		729284222A42D56400AADE3A /* MockNetworkingTests.xctest */ = {isa = PBXFileReference; explicitFileType = wrapper.cfbundle; includeInIndex = 0; path = MockNetworkingTests.xctest; sourceTree = BUILT_PRODUCTS_DIR; };
		729284242A42D56400AADE3A /* MockNetworkingTests.swift */ = {isa = PBXFileReference; lastKnownFileType = sourcecode.swift; path = MockNetworkingTests.swift; sourceTree = "<group>"; };
		729CE8692A41CB2B00478D89 /* ItemDTO.swift */ = {isa = PBXFileReference; lastKnownFileType = sourcecode.swift; path = ItemDTO.swift; sourceTree = "<group>"; };
		72BCA1DB2A401E6C0013AA1A /* EndPoint.swift */ = {isa = PBXFileReference; lastKnownFileType = sourcecode.swift; path = EndPoint.swift; sourceTree = "<group>"; };
		72C5D0C72A458B4E00F5C92B /* ItemCell.swift */ = {isa = PBXFileReference; lastKnownFileType = sourcecode.swift; path = ItemCell.swift; sourceTree = "<group>"; };
/* End PBXFileReference section */

/* Begin PBXFrameworksBuildPhase section */
		728021602A3C24C700519337 /* Frameworks */ = {
			isa = PBXFrameworksBuildPhase;
			buildActionMask = 2147483647;
			files = (
			);
			runOnlyForDeploymentPostprocessing = 0;
		};
		7292841F2A42D56400AADE3A /* Frameworks */ = {
			isa = PBXFrameworksBuildPhase;
			buildActionMask = 2147483647;
			files = (
			);
			runOnlyForDeploymentPostprocessing = 0;
		};
/* End PBXFrameworksBuildPhase section */

/* Begin PBXGroup section */
		7280215A2A3C24C700519337 = {
			isa = PBXGroup;
			children = (
				728021652A3C24C700519337 /* Architecture(MVC, MVVM) */,
				729284232A42D56400AADE3A /* MockNetworkingTests */,
				728021642A3C24C700519337 /* Products */,
			);
			sourceTree = "<group>";
		};
		728021642A3C24C700519337 /* Products */ = {
			isa = PBXGroup;
			children = (
				728021632A3C24C700519337 /* Architecture(MVC, MVVM).app */,
				729284222A42D56400AADE3A /* MockNetworkingTests.xctest */,
			);
			name = Products;
			sourceTree = "<group>";
		};
		728021652A3C24C700519337 /* Architecture(MVC, MVVM) */ = {
			isa = PBXGroup;
			children = (
				728021662A3C24C700519337 /* AppDelegate.swift */,
				728021682A3C24C700519337 /* SceneDelegate.swift */,
				7280216A2A3C24C700519337 /* MVCViewController.swift */,
				721F742B2A3C4AEF00012F1A /* MVVMViewController.swift */,
				7288EC7D2A3D91EA00889332 /* ItemSearchView.swift */,
				72C5D0C72A458B4E00F5C92B /* ItemCell.swift */,
				72BCA1DA2A401E5B0013AA1A /* Networking */,
				729CE8692A41CB2B00478D89 /* ItemDTO.swift */,
				7280216F2A3C24C800519337 /* Assets.xcassets */,
				728021712A3C24C800519337 /* LaunchScreen.storyboard */,
				728021742A3C24C800519337 /* Info.plist */,
			);
			path = "Architecture(MVC, MVVM)";
			sourceTree = "<group>";
		};
		729284232A42D56400AADE3A /* MockNetworkingTests */ = {
			isa = PBXGroup;
			children = (
				729284242A42D56400AADE3A /* MockNetworkingTests.swift */,
			);
			path = MockNetworkingTests;
			sourceTree = "<group>";
		};
		72BCA1DA2A401E5B0013AA1A /* Networking */ = {
			isa = PBXGroup;
			children = (
				722366D02A414EAA00D1AB76 /* NetworkingManager.swift */,
				72BCA1DB2A401E6C0013AA1A /* EndPoint.swift */,
			);
			path = Networking;
			sourceTree = "<group>";
		};
/* End PBXGroup section */

/* Begin PBXNativeTarget section */
		728021622A3C24C700519337 /* Architecture(MVC, MVVM) */ = {
			isa = PBXNativeTarget;
			buildConfigurationList = 728021772A3C24C800519337 /* Build configuration list for PBXNativeTarget "Architecture(MVC, MVVM)" */;
			buildPhases = (
				7280215F2A3C24C700519337 /* Sources */,
				728021602A3C24C700519337 /* Frameworks */,
				728021612A3C24C700519337 /* Resources */,
			);
			buildRules = (
			);
			dependencies = (
			);
			name = "Architecture(MVC, MVVM)";
			productName = "Architecture(MVC, MVVM)";
			productReference = 728021632A3C24C700519337 /* Architecture(MVC, MVVM).app */;
			productType = "com.apple.product-type.application";
		};
		729284212A42D56400AADE3A /* MockNetworkingTests */ = {
			isa = PBXNativeTarget;
			buildConfigurationList = 7292842A2A42D56400AADE3A /* Build configuration list for PBXNativeTarget "MockNetworkingTests" */;
			buildPhases = (
				7292841E2A42D56400AADE3A /* Sources */,
				7292841F2A42D56400AADE3A /* Frameworks */,
				729284202A42D56400AADE3A /* Resources */,
			);
			buildRules = (
			);
			dependencies = (
				729284272A42D56400AADE3A /* PBXTargetDependency */,
			);
			name = MockNetworkingTests;
			productName = MockNetworkingTests;
			productReference = 729284222A42D56400AADE3A /* MockNetworkingTests.xctest */;
			productType = "com.apple.product-type.bundle.unit-test";
		};
/* End PBXNativeTarget section */

/* Begin PBXProject section */
		7280215B2A3C24C700519337 /* Project object */ = {
			isa = PBXProject;
			attributes = {
				BuildIndependentTargetsInParallel = 1;
				LastSwiftUpdateCheck = 1430;
				LastUpgradeCheck = 1430;
				TargetAttributes = {
					728021622A3C24C700519337 = {
						CreatedOnToolsVersion = 14.3;
					};
					729284212A42D56400AADE3A = {
						CreatedOnToolsVersion = 14.3.1;
						TestTargetID = 728021622A3C24C700519337;
					};
				};
			};
			buildConfigurationList = 7280215E2A3C24C700519337 /* Build configuration list for PBXProject "Architecture(MVC, MVVM)" */;
			compatibilityVersion = "Xcode 14.0";
			developmentRegion = en;
			hasScannedForEncodings = 0;
			knownRegions = (
				en,
				Base,
			);
			mainGroup = 7280215A2A3C24C700519337;
			productRefGroup = 728021642A3C24C700519337 /* Products */;
			projectDirPath = "";
			projectRoot = "";
			targets = (
				728021622A3C24C700519337 /* Architecture(MVC, MVVM) */,
				729284212A42D56400AADE3A /* MockNetworkingTests */,
			);
		};
/* End PBXProject section */

/* Begin PBXResourcesBuildPhase section */
		728021612A3C24C700519337 /* Resources */ = {
			isa = PBXResourcesBuildPhase;
			buildActionMask = 2147483647;
			files = (
				728021732A3C24C800519337 /* LaunchScreen.storyboard in Resources */,
				728021702A3C24C800519337 /* Assets.xcassets in Resources */,
			);
			runOnlyForDeploymentPostprocessing = 0;
		};
		729284202A42D56400AADE3A /* Resources */ = {
			isa = PBXResourcesBuildPhase;
			buildActionMask = 2147483647;
			files = (
			);
			runOnlyForDeploymentPostprocessing = 0;
		};
/* End PBXResourcesBuildPhase section */

/* Begin PBXSourcesBuildPhase section */
		7280215F2A3C24C700519337 /* Sources */ = {
			isa = PBXSourcesBuildPhase;
			buildActionMask = 2147483647;
			files = (
				72BCA1DC2A401E6C0013AA1A /* EndPoint.swift in Sources */,
				7288EC7E2A3D91EA00889332 /* ItemSearchView.swift in Sources */,
				72C5D0C82A458B4E00F5C92B /* ItemCell.swift in Sources */,
				7280216B2A3C24C700519337 /* MVCViewController.swift in Sources */,
				728021672A3C24C700519337 /* AppDelegate.swift in Sources */,
				728021692A3C24C700519337 /* SceneDelegate.swift in Sources */,
				721F742C2A3C4AEF00012F1A /* MVVMViewController.swift in Sources */,
				729CE86A2A41CB2B00478D89 /* ItemDTO.swift in Sources */,
				722366D12A414EAA00D1AB76 /* NetworkingManager.swift in Sources */,
			);
			runOnlyForDeploymentPostprocessing = 0;
		};
		7292841E2A42D56400AADE3A /* Sources */ = {
			isa = PBXSourcesBuildPhase;
			buildActionMask = 2147483647;
			files = (
				7292842E2A42DF7000AADE3A /* EndPoint.swift in Sources */,
				729284252A42D56400AADE3A /* MockNetworkingTests.swift in Sources */,
				7292842C2A42DE7500AADE3A /* NetworkingManager.swift in Sources */,
			);
			runOnlyForDeploymentPostprocessing = 0;
		};
/* End PBXSourcesBuildPhase section */

/* Begin PBXTargetDependency section */
		729284272A42D56400AADE3A /* PBXTargetDependency */ = {
			isa = PBXTargetDependency;
			target = 728021622A3C24C700519337 /* Architecture(MVC, MVVM) */;
			targetProxy = 729284262A42D56400AADE3A /* PBXContainerItemProxy */;
		};
/* End PBXTargetDependency section */

/* Begin PBXVariantGroup section */
		728021712A3C24C800519337 /* LaunchScreen.storyboard */ = {
			isa = PBXVariantGroup;
			children = (
				728021722A3C24C800519337 /* Base */,
			);
			name = LaunchScreen.storyboard;
			sourceTree = "<group>";
		};
/* End PBXVariantGroup section */

/* Begin XCBuildConfiguration section */
		728021752A3C24C800519337 /* Debug */ = {
			isa = XCBuildConfiguration;
			buildSettings = {
				ALWAYS_SEARCH_USER_PATHS = NO;
				CLANG_ANALYZER_NONNULL = YES;
				CLANG_ANALYZER_NUMBER_OBJECT_CONVERSION = YES_AGGRESSIVE;
				CLANG_CXX_LANGUAGE_STANDARD = "gnu++20";
				CLANG_ENABLE_MODULES = YES;
				CLANG_ENABLE_OBJC_ARC = YES;
				CLANG_ENABLE_OBJC_WEAK = YES;
				CLANG_WARN_BLOCK_CAPTURE_AUTORELEASING = YES;
				CLANG_WARN_BOOL_CONVERSION = YES;
				CLANG_WARN_COMMA = YES;
				CLANG_WARN_CONSTANT_CONVERSION = YES;
				CLANG_WARN_DEPRECATED_OBJC_IMPLEMENTATIONS = YES;
				CLANG_WARN_DIRECT_OBJC_ISA_USAGE = YES_ERROR;
				CLANG_WARN_DOCUMENTATION_COMMENTS = YES;
				CLANG_WARN_EMPTY_BODY = YES;
				CLANG_WARN_ENUM_CONVERSION = YES;
				CLANG_WARN_INFINITE_RECURSION = YES;
				CLANG_WARN_INT_CONVERSION = YES;
				CLANG_WARN_NON_LITERAL_NULL_CONVERSION = YES;
				CLANG_WARN_OBJC_IMPLICIT_RETAIN_SELF = YES;
				CLANG_WARN_OBJC_LITERAL_CONVERSION = YES;
				CLANG_WARN_OBJC_ROOT_CLASS = YES_ERROR;
				CLANG_WARN_QUOTED_INCLUDE_IN_FRAMEWORK_HEADER = YES;
				CLANG_WARN_RANGE_LOOP_ANALYSIS = YES;
				CLANG_WARN_STRICT_PROTOTYPES = YES;
				CLANG_WARN_SUSPICIOUS_MOVE = YES;
				CLANG_WARN_UNGUARDED_AVAILABILITY = YES_AGGRESSIVE;
				CLANG_WARN_UNREACHABLE_CODE = YES;
				CLANG_WARN__DUPLICATE_METHOD_MATCH = YES;
				COPY_PHASE_STRIP = NO;
				DEBUG_INFORMATION_FORMAT = dwarf;
				ENABLE_STRICT_OBJC_MSGSEND = YES;
				ENABLE_TESTABILITY = YES;
				GCC_C_LANGUAGE_STANDARD = gnu11;
				GCC_DYNAMIC_NO_PIC = NO;
				GCC_NO_COMMON_BLOCKS = YES;
				GCC_OPTIMIZATION_LEVEL = 0;
				GCC_PREPROCESSOR_DEFINITIONS = (
					"DEBUG=1",
					"$(inherited)",
				);
				GCC_WARN_64_TO_32_BIT_CONVERSION = YES;
				GCC_WARN_ABOUT_RETURN_TYPE = YES_ERROR;
				GCC_WARN_UNDECLARED_SELECTOR = YES;
				GCC_WARN_UNINITIALIZED_AUTOS = YES_AGGRESSIVE;
				GCC_WARN_UNUSED_FUNCTION = YES;
				GCC_WARN_UNUSED_VARIABLE = YES;
				IPHONEOS_DEPLOYMENT_TARGET = 16.4;
				MTL_ENABLE_DEBUG_INFO = INCLUDE_SOURCE;
				MTL_FAST_MATH = YES;
				ONLY_ACTIVE_ARCH = YES;
				SDKROOT = iphoneos;
				SWIFT_ACTIVE_COMPILATION_CONDITIONS = DEBUG;
				SWIFT_OPTIMIZATION_LEVEL = "-Onone";
			};
			name = Debug;
		};
		728021762A3C24C800519337 /* Release */ = {
			isa = XCBuildConfiguration;
			buildSettings = {
				ALWAYS_SEARCH_USER_PATHS = NO;
				CLANG_ANALYZER_NONNULL = YES;
				CLANG_ANALYZER_NUMBER_OBJECT_CONVERSION = YES_AGGRESSIVE;
				CLANG_CXX_LANGUAGE_STANDARD = "gnu++20";
				CLANG_ENABLE_MODULES = YES;
				CLANG_ENABLE_OBJC_ARC = YES;
				CLANG_ENABLE_OBJC_WEAK = YES;
				CLANG_WARN_BLOCK_CAPTURE_AUTORELEASING = YES;
				CLANG_WARN_BOOL_CONVERSION = YES;
				CLANG_WARN_COMMA = YES;
				CLANG_WARN_CONSTANT_CONVERSION = YES;
				CLANG_WARN_DEPRECATED_OBJC_IMPLEMENTATIONS = YES;
				CLANG_WARN_DIRECT_OBJC_ISA_USAGE = YES_ERROR;
				CLANG_WARN_DOCUMENTATION_COMMENTS = YES;
				CLANG_WARN_EMPTY_BODY = YES;
				CLANG_WARN_ENUM_CONVERSION = YES;
				CLANG_WARN_INFINITE_RECURSION = YES;
				CLANG_WARN_INT_CONVERSION = YES;
				CLANG_WARN_NON_LITERAL_NULL_CONVERSION = YES;
				CLANG_WARN_OBJC_IMPLICIT_RETAIN_SELF = YES;
				CLANG_WARN_OBJC_LITERAL_CONVERSION = YES;
				CLANG_WARN_OBJC_ROOT_CLASS = YES_ERROR;
				CLANG_WARN_QUOTED_INCLUDE_IN_FRAMEWORK_HEADER = YES;
				CLANG_WARN_RANGE_LOOP_ANALYSIS = YES;
				CLANG_WARN_STRICT_PROTOTYPES = YES;
				CLANG_WARN_SUSPICIOUS_MOVE = YES;
				CLANG_WARN_UNGUARDED_AVAILABILITY = YES_AGGRESSIVE;
				CLANG_WARN_UNREACHABLE_CODE = YES;
				CLANG_WARN__DUPLICATE_METHOD_MATCH = YES;
				COPY_PHASE_STRIP = NO;
				DEBUG_INFORMATION_FORMAT = "dwarf-with-dsym";
				ENABLE_NS_ASSERTIONS = NO;
				ENABLE_STRICT_OBJC_MSGSEND = YES;
				GCC_C_LANGUAGE_STANDARD = gnu11;
				GCC_NO_COMMON_BLOCKS = YES;
				GCC_WARN_64_TO_32_BIT_CONVERSION = YES;
				GCC_WARN_ABOUT_RETURN_TYPE = YES_ERROR;
				GCC_WARN_UNDECLARED_SELECTOR = YES;
				GCC_WARN_UNINITIALIZED_AUTOS = YES_AGGRESSIVE;
				GCC_WARN_UNUSED_FUNCTION = YES;
				GCC_WARN_UNUSED_VARIABLE = YES;
				IPHONEOS_DEPLOYMENT_TARGET = 16.4;
				MTL_ENABLE_DEBUG_INFO = NO;
				MTL_FAST_MATH = YES;
				SDKROOT = iphoneos;
				SWIFT_COMPILATION_MODE = wholemodule;
				SWIFT_OPTIMIZATION_LEVEL = "-O";
				VALIDATE_PRODUCT = YES;
			};
			name = Release;
		};
		728021782A3C24C800519337 /* Debug */ = {
			isa = XCBuildConfiguration;
			buildSettings = {
				ASSETCATALOG_COMPILER_APPICON_NAME = AppIcon;
				ASSETCATALOG_COMPILER_GLOBAL_ACCENT_COLOR_NAME = AccentColor;
				CODE_SIGN_STYLE = Automatic;
				CURRENT_PROJECT_VERSION = 1;
				GENERATE_INFOPLIST_FILE = YES;
				INFOPLIST_FILE = "Architecture(MVC, MVVM)/Info.plist";
				INFOPLIST_KEY_UIApplicationSupportsIndirectInputEvents = YES;
				INFOPLIST_KEY_UILaunchStoryboardName = LaunchScreen;
				INFOPLIST_KEY_UIStatusBarStyle = "";
				INFOPLIST_KEY_UISupportedInterfaceOrientations = "UIInterfaceOrientationLandscapeLeft UIInterfaceOrientationLandscapeRight UIInterfaceOrientationPortrait";
				LD_RUNPATH_SEARCH_PATHS = (
					"$(inherited)",
					"@executable_path/Frameworks",
				);
				MARKETING_VERSION = 1.0;
				PRODUCT_BUNDLE_IDENTIFIER = "com.DHoney96.Architecture-MVC--MVVM-";
				PRODUCT_NAME = "$(TARGET_NAME)";
				SUPPORTED_PLATFORMS = "iphoneos iphonesimulator";
				SUPPORTS_MACCATALYST = NO;
				SUPPORTS_MAC_DESIGNED_FOR_IPHONE_IPAD = NO;
				SWIFT_EMIT_LOC_STRINGS = YES;
				SWIFT_VERSION = 5.0;
				TARGETED_DEVICE_FAMILY = 1;
			};
			name = Debug;
		};
		728021792A3C24C800519337 /* Release */ = {
			isa = XCBuildConfiguration;
			buildSettings = {
				ASSETCATALOG_COMPILER_APPICON_NAME = AppIcon;
				ASSETCATALOG_COMPILER_GLOBAL_ACCENT_COLOR_NAME = AccentColor;
				CODE_SIGN_STYLE = Automatic;
				CURRENT_PROJECT_VERSION = 1;
				GENERATE_INFOPLIST_FILE = YES;
				INFOPLIST_FILE = "Architecture(MVC, MVVM)/Info.plist";
				INFOPLIST_KEY_UIApplicationSupportsIndirectInputEvents = YES;
				INFOPLIST_KEY_UILaunchStoryboardName = LaunchScreen;
				INFOPLIST_KEY_UIStatusBarStyle = "";
				INFOPLIST_KEY_UISupportedInterfaceOrientations = "UIInterfaceOrientationLandscapeLeft UIInterfaceOrientationLandscapeRight UIInterfaceOrientationPortrait";
				LD_RUNPATH_SEARCH_PATHS = (
					"$(inherited)",
					"@executable_path/Frameworks",
				);
				MARKETING_VERSION = 1.0;
				PRODUCT_BUNDLE_IDENTIFIER = "com.DHoney96.Architecture-MVC--MVVM-";
				PRODUCT_NAME = "$(TARGET_NAME)";
				SUPPORTED_PLATFORMS = "iphoneos iphonesimulator";
				SUPPORTS_MACCATALYST = NO;
				SUPPORTS_MAC_DESIGNED_FOR_IPHONE_IPAD = NO;
				SWIFT_EMIT_LOC_STRINGS = YES;
				SWIFT_VERSION = 5.0;
				TARGETED_DEVICE_FAMILY = 1;
			};
			name = Release;
		};
		729284282A42D56400AADE3A /* Debug */ = {
			isa = XCBuildConfiguration;
			buildSettings = {
				BUNDLE_LOADER = "$(TEST_HOST)";
				CODE_SIGN_STYLE = Automatic;
				CURRENT_PROJECT_VERSION = 1;
				GENERATE_INFOPLIST_FILE = YES;
				MARKETING_VERSION = 1.0;
				PRODUCT_BUNDLE_IDENTIFIER = com.DHoney96.MockNetworkingTests;
				PRODUCT_NAME = "$(TARGET_NAME)";
				SWIFT_EMIT_LOC_STRINGS = NO;
				SWIFT_VERSION = 5.0;
				TARGETED_DEVICE_FAMILY = "1,2";
				TEST_HOST = "$(BUILT_PRODUCTS_DIR)/Architecture(MVC, MVVM).app/$(BUNDLE_EXECUTABLE_FOLDER_PATH)/Architecture(MVC, MVVM)";
			};
			name = Debug;
		};
		729284292A42D56400AADE3A /* Release */ = {
			isa = XCBuildConfiguration;
			buildSettings = {
				BUNDLE_LOADER = "$(TEST_HOST)";
				CODE_SIGN_STYLE = Automatic;
				CURRENT_PROJECT_VERSION = 1;
				GENERATE_INFOPLIST_FILE = YES;
				MARKETING_VERSION = 1.0;
				PRODUCT_BUNDLE_IDENTIFIER = com.DHoney96.MockNetworkingTests;
				PRODUCT_NAME = "$(TARGET_NAME)";
				SWIFT_EMIT_LOC_STRINGS = NO;
				SWIFT_VERSION = 5.0;
				TARGETED_DEVICE_FAMILY = "1,2";
				TEST_HOST = "$(BUILT_PRODUCTS_DIR)/Architecture(MVC, MVVM).app/$(BUNDLE_EXECUTABLE_FOLDER_PATH)/Architecture(MVC, MVVM)";
			};
			name = Release;
		};
/* End XCBuildConfiguration section */

/* Begin XCConfigurationList section */
		7280215E2A3C24C700519337 /* Build configuration list for PBXProject "Architecture(MVC, MVVM)" */ = {
			isa = XCConfigurationList;
			buildConfigurations = (
				728021752A3C24C800519337 /* Debug */,
				728021762A3C24C800519337 /* Release */,
			);
			defaultConfigurationIsVisible = 0;
			defaultConfigurationName = Release;
		};
		728021772A3C24C800519337 /* Build configuration list for PBXNativeTarget "Architecture(MVC, MVVM)" */ = {
			isa = XCConfigurationList;
			buildConfigurations = (
				728021782A3C24C800519337 /* Debug */,
				728021792A3C24C800519337 /* Release */,
			);
			defaultConfigurationIsVisible = 0;
			defaultConfigurationName = Release;
		};
		7292842A2A42D56400AADE3A /* Build configuration list for PBXNativeTarget "MockNetworkingTests" */ = {
			isa = XCConfigurationList;
			buildConfigurations = (
				729284282A42D56400AADE3A /* Debug */,
				729284292A42D56400AADE3A /* Release */,
			);
			defaultConfigurationIsVisible = 0;
			defaultConfigurationName = Release;
		};
/* End XCConfigurationList section */
	};
	rootObject = 7280215B2A3C24C700519337 /* Project object */;
}
